
Microsoft Visual Studio Solution File, Format Version 12.00
# Visual Studio 15
VisualStudioVersion = 15.0.28307.421
MinimumVisualStudioVersion = 10.0.40219.1
Project("{FAE04EC0-301F-11D3-BF4B-00C04F79EFBC}") = "CXF1.Android", "CXF1\CXF1.Android\CXF1.Android.csproj", "{24CE3C36-16B9-426D-AA0C-5961ECF8D88C}"
EndProject
Project("{FAE04EC0-301F-11D3-BF4B-00C04F79EFBC}") = "CXF1.iOS", "CXF1\CXF1.iOS\CXF1.iOS.csproj", "{A6B3C3F9-6C06-4AF1-B220-1C79C1309964}"
EndProject
Project("{9A19103F-16F7-4668-BE54-9A1E7A4F7556}") = "CXF1.MobileAppService", "CXF1\CXF1.MobileAppService\CXF1.MobileAppService.csproj", "{375605AF-53C0-4739-891C-C764FC6A6942}"
EndProject
Project("{9A19103F-16F7-4668-BE54-9A1E7A4F7556}") = "CXF1", "CXF1\CXF1\CXF1.csproj", "{5DD108F2-AB06-4B08-BA09-C8272574CDA9}"
EndProject
Project("{FAE04EC0-301F-11D3-BF4B-00C04F79EFBC}") = "LogicTester", "LogicTester\LogicTester.csproj", "{6A80FBC0-4241-4AA7-B232-DBF022A5973D}"
EndProject
Global
	GlobalSection(SolutionConfigurationPlatforms) = preSolution
		Debug|Any CPU = Debug|Any CPU
		Debug|iPhone = Debug|iPhone
		Debug|iPhoneSimulator = Debug|iPhoneSimulator
		Release|Any CPU = Release|Any CPU
		Release|iPhone = Release|iPhone
		Release|iPhoneSimulator = Release|iPhoneSimulator
	EndGlobalSection
	GlobalSection(ProjectConfigurationPlatforms) = postSolution
		{24CE3C36-16B9-426D-AA0C-5961ECF8D88C}.Debug|Any CPU.ActiveCfg = Debug|Any CPU
		{24CE3C36-16B9-426D-AA0C-5961ECF8D88C}.Debug|Any CPU.Build.0 = Debug|Any CPU
		{24CE3C36-16B9-426D-AA0C-5961ECF8D88C}.Debug|Any CPU.Deploy.0 = Debug|Any CPU
		{24CE3C36-16B9-426D-AA0C-5961ECF8D88C}.Debug|iPhone.ActiveCfg = Debug|Any CPU
		{24CE3C36-16B9-426D-AA0C-5961ECF8D88C}.Debug|iPhone.Build.0 = Debug|Any CPU
		{24CE3C36-16B9-426D-AA0C-5961ECF8D88C}.Debug|iPhone.Deploy.0 = Debug|Any CPU
		{24CE3C36-16B9-426D-AA0C-5961ECF8D88C}.Debug|iPhoneSimulator.ActiveCfg = Debug|Any CPU
		{24CE3C36-16B9-426D-AA0C-5961ECF8D88C}.Debug|iPhoneSimulator.Build.0 = Debug|Any CPU
		{24CE3C36-16B9-426D-AA0C-5961ECF8D88C}.Debug|iPhoneSimulator.Deploy.0 = Debug|Any CPU
		{24CE3C36-16B9-426D-AA0C-5961ECF8D88C}.Release|Any CPU.ActiveCfg = Release|Any CPU
		{24CE3C36-16B9-426D-AA0C-5961ECF8D88C}.Release|Any CPU.Build.0 = Release|Any CPU
		{24CE3C36-16B9-426D-AA0C-5961ECF8D88C}.Release|Any CPU.Deploy.0 = Release|Any CPU
		{24CE3C36-16B9-426D-AA0C-5961ECF8D88C}.Release|iPhone.ActiveCfg = Release|Any CPU
		{24CE3C36-16B9-426D-AA0C-5961ECF8D88C}.Release|iPhone.Build.0 = Release|Any CPU
		{24CE3C36-16B9-426D-AA0C-5961ECF8D88C}.Release|iPhone.Deploy.0 = Release|Any CPU
		{24CE3C36-16B9-426D-AA0C-5961ECF8D88C}.Release|iPhoneSimulator.ActiveCfg = Release|Any CPU
		{24CE3C36-16B9-426D-AA0C-5961ECF8D88C}.Release|iPhoneSimulator.Build.0 = Release|Any CPU
		{24CE3C36-16B9-426D-AA0C-5961ECF8D88C}.Release|iPhoneSimulator.Deploy.0 = Release|Any CPU
		{A6B3C3F9-6C06-4AF1-B220-1C79C1309964}.Debug|Any CPU.ActiveCfg = Debug|iPhoneSimulator
		{A6B3C3F9-6C06-4AF1-B220-1C79C1309964}.Debug|Any CPU.Build.0 = Debug|iPhoneSimulator
		{A6B3C3F9-6C06-4AF1-B220-1C79C1309964}.Debug|Any CPU.Deploy.0 = Debug|iPhoneSimulator
		{A6B3C3F9-6C06-4AF1-B220-1C79C1309964}.Debug|iPhone.ActiveCfg = Debug|iPhone
		{A6B3C3F9-6C06-4AF1-B220-1C79C1309964}.Debug|iPhone.Build.0 = Debug|iPhone
		{A6B3C3F9-6C06-4AF1-B220-1C79C1309964}.Debug|iPhone.Deploy.0 = Debug|iPhone
		{A6B3C3F9-6C06-4AF1-B220-1C79C1309964}.Debug|iPhoneSimulator.ActiveCfg = Debug|iPhoneSimulator
		{A6B3C3F9-6C06-4AF1-B220-1C79C1309964}.Debug|iPhoneSimulator.Build.0 = Debug|iPhoneSimulator
		{A6B3C3F9-6C06-4AF1-B220-1C79C1309964}.Debug|iPhoneSimulator.Deploy.0 = Debug|iPhoneSimulator
		{A6B3C3F9-6C06-4AF1-B220-1C79C1309964}.Release|Any CPU.ActiveCfg = Release|iPhone
		{A6B3C3F9-6C06-4AF1-B220-1C79C1309964}.Release|Any CPU.Build.0 = Release|iPhone
		{A6B3C3F9-6C06-4AF1-B220-1C79C1309964}.Release|Any CPU.Deploy.0 = Release|iPhone
		{A6B3C3F9-6C06-4AF1-B220-1C79C1309964}.Release|iPhone.ActiveCfg = Release|iPhone
		{A6B3C3F9-6C06-4AF1-B220-1C79C1309964}.Release|iPhone.Build.0 = Release|iPhone
		{A6B3C3F9-6C06-4AF1-B220-1C79C1309964}.Release|iPhone.Deploy.0 = Release|iPhone
		{A6B3C3F9-6C06-4AF1-B220-1C79C1309964}.Release|iPhoneSimulator.ActiveCfg = Release|iPhoneSimulator
		{A6B3C3F9-6C06-4AF1-B220-1C79C1309964}.Release|iPhoneSimulator.Build.0 = Release|iPhoneSimulator
		{A6B3C3F9-6C06-4AF1-B220-1C79C1309964}.Release|iPhoneSimulator.Deploy.0 = Release|iPhoneSimulator
		{375605AF-53C0-4739-891C-C764FC6A6942}.Debug|Any CPU.ActiveCfg = Debug|Any CPU
		{375605AF-53C0-4739-891C-C764FC6A6942}.Debug|Any CPU.Build.0 = Debug|Any CPU
		{375605AF-53C0-4739-891C-C764FC6A6942}.Debug|Any CPU.Deploy.0 = Debug|Any CPU
		{375605AF-53C0-4739-891C-C764FC6A6942}.Debug|iPhone.ActiveCfg = Debug|Any CPU
		{375605AF-53C0-4739-891C-C764FC6A6942}.Debug|iPhone.Build.0 = Debug|Any CPU
		{375605AF-53C0-4739-891C-C764FC6A6942}.Debug|iPhone.Deploy.0 = Debug|Any CPU
		{375605AF-53C0-4739-891C-C764FC6A6942}.Debug|iPhoneSimulator.ActiveCfg = Debug|Any CPU
		{375605AF-53C0-4739-891C-C764FC6A6942}.Debug|iPhoneSimulator.Build.0 = Debug|Any CPU
		{375605AF-53C0-4739-891C-C764FC6A6942}.Debug|iPhoneSimulator.Deploy.0 = Debug|Any CPU
		{375605AF-53C0-4739-891C-C764FC6A6942}.Release|Any CPU.ActiveCfg = Release|Any CPU
		{375605AF-53C0-4739-891C-C764FC6A6942}.Release|Any CPU.Build.0 = Release|Any CPU
		{375605AF-53C0-4739-891C-C764FC6A6942}.Release|Any CPU.Deploy.0 = Release|Any CPU
		{375605AF-53C0-4739-891C-C764FC6A6942}.Release|iPhone.ActiveCfg = Release|Any CPU
		{375605AF-53C0-4739-891C-C764FC6A6942}.Release|iPhone.Build.0 = Release|Any CPU
		{375605AF-53C0-4739-891C-C764FC6A6942}.Release|iPhone.Deploy.0 = Release|Any CPU
		{375605AF-53C0-4739-891C-C764FC6A6942}.Release|iPhoneSimulator.ActiveCfg = Release|Any CPU
		{375605AF-53C0-4739-891C-C764FC6A6942}.Release|iPhoneSimulator.Build.0 = Release|Any CPU
		{375605AF-53C0-4739-891C-C764FC6A6942}.Release|iPhoneSimulator.Deploy.0 = Release|Any CPU
		{5DD108F2-AB06-4B08-BA09-C8272574CDA9}.Debug|Any CPU.ActiveCfg = Debug|Any CPU
		{5DD108F2-AB06-4B08-BA09-C8272574CDA9}.Debug|Any CPU.Build.0 = Debug|Any CPU
		{5DD108F2-AB06-4B08-BA09-C8272574CDA9}.Debug|Any CPU.Deploy.0 = Debug|Any CPU
		{5DD108F2-AB06-4B08-BA09-C8272574CDA9}.Debug|iPhone.ActiveCfg = Debug|Any CPU
		{5DD108F2-AB06-4B08-BA09-C8272574CDA9}.Debug|iPhone.Build.0 = Debug|Any CPU
		{5DD108F2-AB06-4B08-BA09-C8272574CDA9}.Debug|iPhone.Deploy.0 = Debug|Any CPU
		{5DD108F2-AB06-4B08-BA09-C8272574CDA9}.Debug|iPhoneSimulator.ActiveCfg = Debug|Any CPU
		{5DD108F2-AB06-4B08-BA09-C8272574CDA9}.Debug|iPhoneSimulator.Build.0 = Debug|Any CPU
		{5DD108F2-AB06-4B08-BA09-C8272574CDA9}.Debug|iPhoneSimulator.Deploy.0 = Debug|Any CPU
		{5DD108F2-AB06-4B08-BA09-C8272574CDA9}.Release|Any CPU.ActiveCfg = Release|Any CPU
		{5DD108F2-AB06-4B08-BA09-C8272574CDA9}.Release|Any CPU.Build.0 = Release|Any CPU
		{5DD108F2-AB06-4B08-BA09-C8272574CDA9}.Release|Any CPU.Deploy.0 = Release|Any CPU
		{5DD108F2-AB06-4B08-BA09-C8272574CDA9}.Release|iPhone.ActiveCfg = Release|Any CPU
		{5DD108F2-AB06-4B08-BA09-C8272574CDA9}.Release|iPhone.Build.0 = Release|Any CPU
		{5DD108F2-AB06-4B08-BA09-C8272574CDA9}.Release|iPhone.Deploy.0 = Release|Any CPU
		{5DD108F2-AB06-4B08-BA09-C8272574CDA9}.Release|iPhoneSimulator.ActiveCfg = Release|Any CPU
		{5DD108F2-AB06-4B08-BA09-C8272574CDA9}.Release|iPhoneSimulator.Build.0 = Release|Any CPU
		{5DD108F2-AB06-4B08-BA09-C8272574CDA9}.Release|iPhoneSimulator.Deploy.0 = Release|Any CPU
		{6A80FBC0-4241-4AA7-B232-DBF022A5973D}.Debug|Any CPU.ActiveCfg = Debug|Any CPU
		{6A80FBC0-4241-4AA7-B232-DBF022A5973D}.Debug|Any CPU.Build.0 = Debug|Any CPU
		{6A80FBC0-4241-4AA7-B232-DBF022A5973D}.Debug|iPhone.ActiveCfg = Debug|Any CPU
		{6A80FBC0-4241-4AA7-B232-DBF022A5973D}.Debug|iPhone.Build.0 = Debug|Any CPU
		{6A80FBC0-4241-4AA7-B232-DBF022A5973D}.Debug|iPhoneSimulator.ActiveCfg = Debug|Any CPU
		{6A80FBC0-4241-4AA7-B232-DBF022A5973D}.Debug|iPhoneSimulator.Build.0 = Debug|Any CPU
		{6A80FBC0-4241-4AA7-B232-DBF022A5973D}.Release|Any CPU.ActiveCfg = Release|Any CPU
		{6A80FBC0-4241-4AA7-B232-DBF022A5973D}.Release|Any CPU.Build.0 = Release|Any CPU
		{6A80FBC0-4241-4AA7-B232-DBF022A5973D}.Release|iPhone.ActiveCfg = Release|Any CPU
		{6A80FBC0-4241-4AA7-B232-DBF022A5973D}.Release|iPhone.Build.0 = Release|Any CPU
		{6A80FBC0-4241-4AA7-B232-DBF022A5973D}.Release|iPhoneSimulator.ActiveCfg = Release|Any CPU
		{6A80FBC0-4241-4AA7-B232-DBF022A5973D}.Release|iPhoneSimulator.Build.0 = Release|Any CPU
	EndGlobalSection
	GlobalSection(SolutionProperties) = preSolution
		HideSolutionNode = FALSE
	EndGlobalSection
	GlobalSection(ExtensibilityGlobals) = postSolution
		SolutionGuid = {6BAEEBF4-9491-476F-BBD6-132433310339}
	EndGlobalSection
EndGlobal
